{
	"name": "@cedx/bootstrap",
	"version": "1.2.2",
	"lockfileVersion": 2,
	"requires": true,
	"packages": {
		"": {
			"name": "@cedx/bootstrap",
			"version": "1.2.2",
			"license": "MIT",
			"dependencies": {
				"bootstrap": "^5.1.3",
				"bootstrap-icons": "^1.7.1"
			},
			"engines": {
				"node": ">=16.0.0"
			}
		},
		"node_modules/@popperjs/core": {
			"version": "2.11.0",
			"resolved": "https://registry.npmjs.org/@popperjs/core/-/core-2.11.0.tgz",
			"integrity": "sha512-zrsUxjLOKAzdewIDRWy9nsV1GQsKBCWaGwsZQlCgr6/q+vjyZhFgqedLfFBuI9anTPEUT4APq9Mu0SZBTzIcGQ==",
			"peer": true,
			"funding": {
				"type": "opencollective",
				"url": "https://opencollective.com/popperjs"
			}
		},
		"node_modules/bootstrap": {
			"version": "5.1.3",
			"resolved": "https://registry.npmjs.org/bootstrap/-/bootstrap-5.1.3.tgz",
			"integrity": "sha512-fcQztozJ8jToQWXxVuEyXWW+dSo8AiXWKwiSSrKWsRB/Qt+Ewwza+JWoLKiTuQLaEPhdNAJ7+Dosc9DOIqNy7Q==",
			"funding": {
				"type": "opencollective",
				"url": "https://opencollective.com/bootstrap"
			},
			"peerDependencies": {
				"@popperjs/core": "^2.10.2"
			}
		},
		"node_modules/bootstrap-icons": {
			"version": "1.7.1",
			"resolved": "https://registry.npmjs.org/bootstrap-icons/-/bootstrap-icons-1.7.1.tgz",
			"integrity": "sha512-Hkuoo0qrWegA9cdzwS68YPSOLf7d42gqnMzT1tIy/SWvnxnI+Y5PFvK2qIbM/L7knH8SdC8FPgjA+bktzmGcAw==",
			"engines": {
				"node": ">=10"
			}
		}
	},
	"dependencies": {
		"@popperjs/core": {
			"version": "2.11.0",
			"resolved": "https://registry.npmjs.org/@popperjs/core/-/core-2.11.0.tgz",
			"integrity": "sha512-zrsUxjLOKAzdewIDRWy9nsV1GQsKBCWaGwsZQlCgr6/q+vjyZhFgqedLfFBuI9anTPEUT4APq9Mu0SZBTzIcGQ==",
			"peer": true
		},
		"bootstrap": {
			"version": "5.1.3",
			"resolved": "https://registry.npmjs.org/bootstrap/-/bootstrap-5.1.3.tgz",
			"integrity": "sha512-fcQztozJ8jToQWXxVuEyXWW+dSo8AiXWKwiSSrKWsRB/Qt+Ewwza+JWoLKiTuQLaEPhdNAJ7+Dosc9DOIqNy7Q==",
			"requires": {}
		},
		"bootstrap-icons": {
			"version": "1.7.1",
			"resolved": "https://registry.npmjs.org/bootstrap-icons/-/bootstrap-icons-1.7.1.tgz",
			"integrity": "sha512-Hkuoo0qrWegA9cdzwS68YPSOLf7d42gqnMzT1tIy/SWvnxnI+Y5PFvK2qIbM/L7knH8SdC8FPgjA+bktzmGcAw=="
		}
	}
}
